
Microsoft Visual Studio Solution File, Format Version 12.00
# Visual Studio 15
VisualStudioVersion = 15.0.28010.2003
MinimumVisualStudioVersion = 10.0.40219.1
Project("{FAE04EC0-301F-11D3-BF4B-00C04F79EFBC}") = "RadioButtn", "RadioButtn\RadioButtn.csproj", "{EDFC56F8-6475-419F-BF5F-9C7E49F130DF}"
EndProject
Global
	GlobalSection(SolutionConfigurationPlatforms) = preSolution
		Debug|Any CPU = Debug|Any CPU
		Release|Any CPU = Release|Any CPU
	EndGlobalSection
	GlobalSection(ProjectConfigurationPlatforms) = postSolution
		{EDFC56F8-6475-419F-BF5F-9C7E49F130DF}.Debug|Any CPU.ActiveCfg = Debug|Any CPU
		{EDFC56F8-6475-419F-BF5F-9C7E49F130DF}.Debug|Any CPU.Build.0 = Debug|Any CPU
		{EDFC56F8-6475-419F-BF5F-9C7E49F130DF}.Release|Any CPU.ActiveCfg = Release|Any CPU
		{EDFC56F8-6475-419F-BF5F-9C7E49F130DF}.Release|Any CPU.Build.0 = Release|Any CPU
	EndGlobalSection
	GlobalSection(SolutionProperties) = preSolution
		HideSolutionNode = FALSE
	EndGlobalSection
	GlobalSection(ExtensibilityGlobals) = postSolution
		SolutionGuid = {DBE638AA-4372-43E9-909D-B969A8CD1A0B}
	EndGlobalSection
EndGlobal
