
Microsoft Visual Studio Solution File, Format Version 12.00
# Visual Studio 15
VisualStudioVersion = 15.0.28010.2003
MinimumVisualStudioVersion = 10.0.40219.1
Project("{FAE04EC0-301F-11D3-BF4B-00C04F79EFBC}") = "WindowsFormsApp1", "WindowsFormsApp1\WindowsFormsApp1.csproj", "{1522650D-3EC3-4C61-AC1C-B6F884A367EA}"
EndProject
Global
	GlobalSection(SolutionConfigurationPlatforms) = preSolution
		Debug|Any CPU = Debug|Any CPU
		Release|Any CPU = Release|Any CPU
	EndGlobalSection
	GlobalSection(ProjectConfigurationPlatforms) = postSolution
		{1522650D-3EC3-4C61-AC1C-B6F884A367EA}.Debug|Any CPU.ActiveCfg = Debug|Any CPU
		{1522650D-3EC3-4C61-AC1C-B6F884A367EA}.Debug|Any CPU.Build.0 = Debug|Any CPU
		{1522650D-3EC3-4C61-AC1C-B6F884A367EA}.Release|Any CPU.ActiveCfg = Release|Any CPU
		{1522650D-3EC3-4C61-AC1C-B6F884A367EA}.Release|Any CPU.Build.0 = Release|Any CPU
	EndGlobalSection
	GlobalSection(SolutionProperties) = preSolution
		HideSolutionNode = FALSE
	EndGlobalSection
	GlobalSection(ExtensibilityGlobals) = postSolution
		SolutionGuid = {14D93C37-8C0C-4BB9-B231-1E5B9B11C039}
	EndGlobalSection
EndGlobal
